
Microsoft Visual Studio Solution File, Format Version 12.00
# Visual Studio Version 16
VisualStudioVersion = 16.0.28917.181
MinimumVisualStudioVersion = 10.0.40219.1
Project("{FAE04EC0-301F-11D3-BF4B-00C04F79EFBC}") = "dockerdemo", "dockerdemo.csproj", "{234EE1D5-E157-460E-9458-54DC57B398BD}"
EndProject
Global
	GlobalSection(SolutionConfigurationPlatforms) = preSolution
		Debug|Any CPU = Debug|Any CPU
		Release|Any CPU = Release|Any CPU
	EndGlobalSection
	GlobalSection(ProjectConfigurationPlatforms) = postSolution
		{234EE1D5-E157-460E-9458-54DC57B398BD}.Debug|Any CPU.ActiveCfg = Debug|Any CPU
		{234EE1D5-E157-460E-9458-54DC57B398BD}.Debug|Any CPU.Build.0 = Debug|Any CPU
		{234EE1D5-E157-460E-9458-54DC57B398BD}.Release|Any CPU.ActiveCfg = Release|Any CPU
		{234EE1D5-E157-460E-9458-54DC57B398BD}.Release|Any CPU.Build.0 = Release|Any CPU
	EndGlobalSection
	GlobalSection(SolutionProperties) = preSolution
		HideSolutionNode = FALSE
	EndGlobalSection
	GlobalSection(ExtensibilityGlobals) = postSolution
		SolutionGuid = {6ACD4EC9-D08F-4ED7-B342-6D15A59EBD2C}
	EndGlobalSection
EndGlobal
